// !$*UTF8*$!
{
	archiveVersion = 1;
	classes = {
	};
	objectVersion = 50;
	objects = {

/* Begin PBXBuildFile section */
		409CF27E2352B15B002444EF /* AppDelegate.swift in Sources */ = {isa = PBXBuildFile; fileRef = 409CF27D2352B15B002444EF /* AppDelegate.swift */; };
		409CF2802352B15B002444EF /* ViewController.swift in Sources */ = {isa = PBXBuildFile; fileRef = 409CF27F2352B15B002444EF /* ViewController.swift */; };
		409CF2832352B15B002444EF /* LogIn.storyboard in Resources */ = {isa = PBXBuildFile; fileRef = 409CF2812352B15B002444EF /* LogIn.storyboard */; };
		409CF2862352B15B002444EF /* Mathmagicians.xcdatamodeld in Sources */ = {isa = PBXBuildFile; fileRef = 409CF2842352B15B002444EF /* Mathmagicians.xcdatamodeld */; };
		409CF2882352B15C002444EF /* Assets.xcassets in Resources */ = {isa = PBXBuildFile; fileRef = 409CF2872352B15C002444EF /* Assets.xcassets */; };
		409CF28B2352B15C002444EF /* LaunchScreen.storyboard in Resources */ = {isa = PBXBuildFile; fileRef = 409CF2892352B15C002444EF /* LaunchScreen.storyboard */; };
/* End PBXBuildFile section */

/* Begin PBXFileReference section */
		409CF27A2352B15B002444EF /* Mathmagicians.app */ = {isa = PBXFileReference; explicitFileType = wrapper.application; includeInIndex = 0; path = Mathmagicians.app; sourceTree = BUILT_PRODUCTS_DIR; };
		409CF27D2352B15B002444EF /* AppDelegate.swift */ = {isa = PBXFileReference; lastKnownFileType = sourcecode.swift; path = AppDelegate.swift; sourceTree = "<group>"; };
		409CF27F2352B15B002444EF /* ViewController.swift */ = {isa = PBXFileReference; lastKnownFileType = sourcecode.swift; path = ViewController.swift; sourceTree = "<group>"; };
		409CF2822352B15B002444EF /* Base */ = {isa = PBXFileReference; lastKnownFileType = file.storyboard; name = Base; path = Base.lproj/LogIn.storyboard; sourceTree = "<group>"; };
		409CF2852352B15B002444EF /* Mathmagicians.xcdatamodel */ = {isa = PBXFileReference; lastKnownFileType = wrapper.xcdatamodel; path = Mathmagicians.xcdatamodel; sourceTree = "<group>"; };
		409CF2872352B15C002444EF /* Assets.xcassets */ = {isa = PBXFileReference; lastKnownFileType = folder.assetcatalog; path = Assets.xcassets; sourceTree = "<group>"; };
		409CF28A2352B15C002444EF /* Base */ = {isa = PBXFileReference; lastKnownFileType = file.storyboard; name = Base; path = Base.lproj/LaunchScreen.storyboard; sourceTree = "<group>"; };
		409CF28C2352B15C002444EF /* Info.plist */ = {isa = PBXFileReference; lastKnownFileType = text.plist.xml; path = Info.plist; sourceTree = "<group>"; };
/* End PBXFileReference section */

/* Begin PBXFrameworksBuildPhase section */
		409CF2772352B15B002444EF /* Frameworks */ = {
			isa = PBXFrameworksBuildPhase;
			buildActionMask = 2147483647;
			files = (
			);
			runOnlyForDeploymentPostprocessing = 0;
		};
/* End PBXFrameworksBuildPhase section */

/* Begin PBXGroup section */
		409CF2712352B15B002444EF = {
			isa = PBXGroup;
			children = (
				409CF27C2352B15B002444EF /* Mathmagicians */,
				409CF27B2352B15B002444EF /* Products */,
			);
			sourceTree = "<group>";
		};
		409CF27B2352B15B002444EF /* Products */ = {
			isa = PBXGroup;
			children = (
				409CF27A2352B15B002444EF /* Mathmagicians.app */,
			);
			name = Products;
			sourceTree = "<group>";
		};
		409CF27C2352B15B002444EF /* Mathmagicians */ = {
			isa = PBXGroup;
			children = (
				409CF27D2352B15B002444EF /* AppDelegate.swift */,
				409CF27F2352B15B002444EF /* ViewController.swift */,
				409CF2812352B15B002444EF /* LogIn.storyboard */,
				409CF2872352B15C002444EF /* Assets.xcassets */,
				409CF2892352B15C002444EF /* LaunchScreen.storyboard */,
				409CF28C2352B15C002444EF /* Info.plist */,
				409CF2842352B15B002444EF /* Mathmagicians.xcdatamodeld */,
			);
			path = Mathmagicians;
			sourceTree = "<group>";
		};
/* End PBXGroup section */

/* Begin PBXNativeTarget section */
		409CF2792352B15B002444EF /* Mathmagicians */ = {
			isa = PBXNativeTarget;
			buildConfigurationList = 409CF28F2352B15C002444EF /* Build configuration list for PBXNativeTarget "Mathmagicians" */;
			buildPhases = (
				409CF2762352B15B002444EF /* Sources */,
				409CF2772352B15B002444EF /* Frameworks */,
				409CF2782352B15B002444EF /* Resources */,
			);
			buildRules = (
			);
			dependencies = (
			);
			name = Mathmagicians;
			productName = Mathmagicians;
			productReference = 409CF27A2352B15B002444EF /* Mathmagicians.app */;
			productType = "com.apple.product-type.application";
		};
/* End PBXNativeTarget section */

/* Begin PBXProject section */
		409CF2722352B15B002444EF /* Project object */ = {
			isa = PBXProject;
			attributes = {
				LastSwiftUpdateCheck = 1010;
				LastUpgradeCheck = 1010;
				ORGANIZATIONNAME = "Jesse Chan";
				TargetAttributes = {
					409CF2792352B15B002444EF = {
						CreatedOnToolsVersion = 10.1;
					};
				};
			};
			buildConfigurationList = 409CF2752352B15B002444EF /* Build configuration list for PBXProject "Mathmagicians" */;
			compatibilityVersion = "Xcode 9.3";
			developmentRegion = en;
			hasScannedForEncodings = 0;
			knownRegions = (
				en,
				Base,
			);
			mainGroup = 409CF2712352B15B002444EF;
			productRefGroup = 409CF27B2352B15B002444EF /* Products */;
			projectDirPath = "";
			projectRoot = "";
			targets = (
				409CF2792352B15B002444EF /* Mathmagicians */,
			);
		};
/* End PBXProject section */

/* Begin PBXResourcesBuildPhase section */
		409CF2782352B15B002444EF /* Resources */ = {
			isa = PBXResourcesBuildPhase;
			buildActionMask = 2147483647;
			files = (
				409CF28B2352B15C002444EF /* LaunchScreen.storyboard in Resources */,
				409CF2882352B15C002444EF /* Assets.xcassets in Resources */,
				409CF2832352B15B002444EF /* LogIn.storyboard in Resources */,
			);
			runOnlyForDeploymentPostprocessing = 0;
		};
/* End PBXResourcesBuildPhase section */

/* Begin PBXSourcesBuildPhase section */
		409CF2762352B15B002444EF /* Sources */ = {
			isa = PBXSourcesBuildPhase;
			buildActionMask = 2147483647;
			files = (
				409CF2862352B15B002444EF /* Mathmagicians.xcdatamodeld in Sources */,
				409CF2802352B15B002444EF /* ViewController.swift in Sources */,
				409CF27E2352B15B002444EF /* AppDelegate.swift in Sources */,
			);
			runOnlyForDeploymentPostprocessing = 0;
		};
/* End PBXSourcesBuildPhase section */

/* Begin PBXVariantGroup section */
		409CF2812352B15B002444EF /* LogIn.storyboard */ = {
			isa = PBXVariantGroup;
			children = (
				409CF2822352B15B002444EF /* Base */,
			);
			name = LogIn.storyboard;
			sourceTree = "<group>";
		};
		409CF2892352B15C002444EF /* LaunchScreen.storyboard */ = {
			isa = PBXVariantGroup;
			children = (
				409CF28A2352B15C002444EF /* Base */,
			);
			name = LaunchScreen.storyboard;
			sourceTree = "<group>";
		};
/* End PBXVariantGroup section */

/* Begin XCBuildConfiguration section */
		409CF28D2352B15C002444EF /* Debug */ = {
			isa = XCBuildConfiguration;
			buildSettings = {
				ALWAYS_SEARCH_USER_PATHS = NO;
				CLANG_ANALYZER_NONNULL = YES;
				CLANG_ANALYZER_NUMBER_OBJECT_CONVERSION = YES_AGGRESSIVE;
				CLANG_CXX_LANGUAGE_STANDARD = "gnu++14";
				CLANG_CXX_LIBRARY = "libc++";
				CLANG_ENABLE_MODULES = YES;
				CLANG_ENABLE_OBJC_ARC = YES;
				CLANG_ENABLE_OBJC_WEAK = YES;
				CLANG_WARN_BLOCK_CAPTURE_AUTORELEASING = YES;
				CLANG_WARN_BOOL_CONVERSION = YES;
				CLANG_WARN_COMMA = YES;
				CLANG_WARN_CONSTANT_CONVERSION = YES;
				CLANG_WARN_DEPRECATED_OBJC_IMPLEMENTATIONS = YES;
				CLANG_WARN_DIRECT_OBJC_ISA_USAGE = YES_ERROR;
				CLANG_WARN_DOCUMENTATION_COMMENTS = YES;
				CLANG_WARN_EMPTY_BODY = YES;
				CLANG_WARN_ENUM_CONVERSION = YES;
				CLANG_WARN_INFINITE_RECURSION = YES;
				CLANG_WARN_INT_CONVERSION = YES;
				CLANG_WARN_NON_LITERAL_NULL_CONVERSION = YES;
				CLANG_WARN_OBJC_IMPLICIT_RETAIN_SELF = YES;
				CLANG_WARN_OBJC_LITERAL_CONVERSION = YES;
				CLANG_WARN_OBJC_ROOT_CLASS = YES_ERROR;
				CLANG_WARN_RANGE_LOOP_ANALYSIS = YES;
				CLANG_WARN_STRICT_PROTOTYPES = YES;
				CLANG_WARN_SUSPICIOUS_MOVE = YES;
				CLANG_WARN_UNGUARDED_AVAILABILITY = YES_AGGRESSIVE;
				CLANG_WARN_UNREACHABLE_CODE = YES;
				CLANG_WARN__DUPLICATE_METHOD_MATCH = YES;
				CODE_SIGN_IDENTITY = "iPhone Developer";
				COPY_PHASE_STRIP = NO;
				DEBUG_INFORMATION_FORMAT = dwarf;
				ENABLE_STRICT_OBJC_MSGSEND = YES;
				ENABLE_TESTABILITY = YES;
				GCC_C_LANGUAGE_STANDARD = gnu11;
				GCC_DYNAMIC_NO_PIC = NO;
				GCC_NO_COMMON_BLOCKS = YES;
				GCC_OPTIMIZATION_LEVEL = 0;
				GCC_PREPROCESSOR_DEFINITIONS = (
					"DEBUG=1",
					"$(inherited)",
				);
				GCC_WARN_64_TO_32_BIT_CONVERSION = YES;
				GCC_WARN_ABOUT_RETURN_TYPE = YES_ERROR;
				GCC_WARN_UNDECLARED_SELECTOR = YES;
				GCC_WARN_UNINITIALIZED_AUTOS = YES_AGGRESSIVE;
				GCC_WARN_UNUSED_FUNCTION = YES;
				GCC_WARN_UNUSED_VARIABLE = YES;
				IPHONEOS_DEPLOYMENT_TARGET = 12.1;
				MTL_ENABLE_DEBUG_INFO = INCLUDE_SOURCE;
				MTL_FAST_MATH = YES;
				ONLY_ACTIVE_ARCH = YES;
				SDKROOT = iphoneos;
				SWIFT_ACTIVE_COMPILATION_CONDITIONS = DEBUG;
				SWIFT_OPTIMIZATION_LEVEL = "-Onone";
			};
			name = Debug;
		};
		409CF28E2352B15C002444EF /* Release */ = {
			isa = XCBuildConfiguration;
			buildSettings = {
				ALWAYS_SEARCH_USER_PATHS = NO;
				CLANG_ANALYZER_NONNULL = YES;
				CLANG_ANALYZER_NUMBER_OBJECT_CONVERSION = YES_AGGRESSIVE;
				CLANG_CXX_LANGUAGE_STANDARD = "gnu++14";
				CLANG_CXX_LIBRARY = "libc++";
				CLANG_ENABLE_MODULES = YES;
				CLANG_ENABLE_OBJC_ARC = YES;
				CLANG_ENABLE_OBJC_WEAK = YES;
				CLANG_WARN_BLOCK_CAPTURE_AUTORELEASING = YES;
				CLANG_WARN_BOOL_CONVERSION = YES;
				CLANG_WARN_COMMA = YES;
				CLANG_WARN_CONSTANT_CONVERSION = YES;
				CLANG_WARN_DEPRECATED_OBJC_IMPLEMENTATIONS = YES;
				CLANG_WARN_DIRECT_OBJC_ISA_USAGE = YES_ERROR;
				CLANG_WARN_DOCUMENTATION_COMMENTS = YES;
				CLANG_WARN_EMPTY_BODY = YES;
				CLANG_WARN_ENUM_CONVERSION = YES;
				CLANG_WARN_INFINITE_RECURSION = YES;
				CLANG_WARN_INT_CONVERSION = YES;
				CLANG_WARN_NON_LITERAL_NULL_CONVERSION = YES;
				CLANG_WARN_OBJC_IMPLICIT_RETAIN_SELF = YES;
				CLANG_WARN_OBJC_LITERAL_CONVERSION = YES;
				CLANG_WARN_OBJC_ROOT_CLASS = YES_ERROR;
				CLANG_WARN_RANGE_LOOP_ANALYSIS = YES;
				CLANG_WARN_STRICT_PROTOTYPES = YES;
				CLANG_WARN_SUSPICIOUS_MOVE = YES;
				CLANG_WARN_UNGUARDED_AVAILABILITY = YES_AGGRESSIVE;
				CLANG_WARN_UNREACHABLE_CODE = YES;
				CLANG_WARN__DUPLICATE_METHOD_MATCH = YES;
				CODE_SIGN_IDENTITY = "iPhone Developer";
				COPY_PHASE_STRIP = NO;
				DEBUG_INFORMATION_FORMAT = "dwarf-with-dsym";
				ENABLE_NS_ASSERTIONS = NO;
				ENABLE_STRICT_OBJC_MSGSEND = YES;
				GCC_C_LANGUAGE_STANDARD = gnu11;
				GCC_NO_COMMON_BLOCKS = YES;
				GCC_WARN_64_TO_32_BIT_CONVERSION = YES;
				GCC_WARN_ABOUT_RETURN_TYPE = YES_ERROR;
				GCC_WARN_UNDECLARED_SELECTOR = YES;
				GCC_WARN_UNINITIALIZED_AUTOS = YES_AGGRESSIVE;
				GCC_WARN_UNUSED_FUNCTION = YES;
				GCC_WARN_UNUSED_VARIABLE = YES;
				IPHONEOS_DEPLOYMENT_TARGET = 12.1;
				MTL_ENABLE_DEBUG_INFO = NO;
				MTL_FAST_MATH = YES;
				SDKROOT = iphoneos;
				SWIFT_COMPILATION_MODE = wholemodule;
				SWIFT_OPTIMIZATION_LEVEL = "-O";
				VALIDATE_PRODUCT = YES;
			};
			name = Release;
		};
		409CF2902352B15C002444EF /* Debug */ = {
			isa = XCBuildConfiguration;
			buildSettings = {
				ASSETCATALOG_COMPILER_APPICON_NAME = AppIcon;
				CODE_SIGN_STYLE = Automatic;
				DEVELOPMENT_TEAM = Z2F92N83ZW;
				INFOPLIST_FILE = Mathmagicians/Info.plist;
				LD_RUNPATH_SEARCH_PATHS = (
					"$(inherited)",
					"@executable_path/Frameworks",
				);
				PRODUCT_BUNDLE_IDENTIFIER = com.JesseChan.Mathmagicians;
				PRODUCT_NAME = "$(TARGET_NAME)";
				SWIFT_VERSION = 4.2;
				TARGETED_DEVICE_FAMILY = "1,2";
			};
			name = Debug;
		};
		409CF2912352B15C002444EF /* Release */ = {
			isa = XCBuildConfiguration;
			buildSettings = {
				ASSETCATALOG_COMPILER_APPICON_NAME = AppIcon;
				CODE_SIGN_STYLE = Automatic;
				DEVELOPMENT_TEAM = Z2F92N83ZW;
				INFOPLIST_FILE = Mathmagicians/Info.plist;
				LD_RUNPATH_SEARCH_PATHS = (
					"$(inherited)",
					"@executable_path/Frameworks",
				);
				PRODUCT_BUNDLE_IDENTIFIER = com.JesseChan.Mathmagicians;
				PRODUCT_NAME = "$(TARGET_NAME)";
				SWIFT_VERSION = 4.2;
				TARGETED_DEVICE_FAMILY = "1,2";
			};
			name = Release;
		};
/* End XCBuildConfiguration section */

/* Begin XCConfigurationList section */
		409CF2752352B15B002444EF /* Build configuration list for PBXProject "Mathmagicians" */ = {
			isa = XCConfigurationList;
			buildConfigurations = (
				409CF28D2352B15C002444EF /* Debug */,
				409CF28E2352B15C002444EF /* Release */,
			);
			defaultConfigurationIsVisible = 0;
			defaultConfigurationName = Release;
		};
		409CF28F2352B15C002444EF /* Build configuration list for PBXNativeTarget "Mathmagicians" */ = {
			isa = XCConfigurationList;
			buildConfigurations = (
				409CF2902352B15C002444EF /* Debug */,
				409CF2912352B15C002444EF /* Release */,
			);
			defaultConfigurationIsVisible = 0;
			defaultConfigurationName = Release;
		};
/* End XCConfigurationList section */

/* Begin XCVersionGroup section */
		409CF2842352B15B002444EF /* Mathmagicians.xcdatamodeld */ = {
			isa = XCVersionGroup;
			children = (
				409CF2852352B15B002444EF /* Mathmagicians.xcdatamodel */,
			);
			currentVersion = 409CF2852352B15B002444EF /* Mathmagicians.xcdatamodel */;
			path = Mathmagicians.xcdatamodeld;
			sourceTree = "<group>";
			versionGroupType = wrapper.xcdatamodel;
		};
/* End XCVersionGroup section */
	};
	rootObject = 409CF2722352B15B002444EF /* Project object */;
}
