// !$*UTF8*$!
{
	archiveVersion = 1;
	classes = {
	};
	objectVersion = 51;
	objects = {

/* Begin PBXBuildFile section */
		40161F0323651F390004B7C1 /* MapKit.framework in Frameworks */ = {isa = PBXBuildFile; fileRef = 40161F0223651F390004B7C1 /* MapKit.framework */; };
		40161F05236521960004B7C1 /* GameInstructionsController.swift in Sources */ = {isa = PBXBuildFile; fileRef = 40161F04236521960004B7C1 /* GameInstructionsController.swift */; };
		40161F07236521AB0004B7C1 /* MapExploreController.swift in Sources */ = {isa = PBXBuildFile; fileRef = 40161F06236521AB0004B7C1 /* MapExploreController.swift */; };
		408B60EA236E469C007A6D4B /* art.scnassets in Resources */ = {isa = PBXBuildFile; fileRef = 408B60E9236E469C007A6D4B /* art.scnassets */; };
		408B60EC236F7CE3007A6D4B /* EncounterController.swift in Sources */ = {isa = PBXBuildFile; fileRef = 408B60EB236F7CE3007A6D4B /* EncounterController.swift */; };
		408B60F0236F91DE007A6D4B /* GoogleService-Info.plist in Resources */ = {isa = PBXBuildFile; fileRef = 408B60EF236F91DE007A6D4B /* GoogleService-Info.plist */; };
		40B403EC2352CED4002A037A /* AppDelegate.swift in Sources */ = {isa = PBXBuildFile; fileRef = 40B403EB2352CED4002A037A /* AppDelegate.swift */; };
		40B403EE2352CED4002A037A /* ViewController.swift in Sources */ = {isa = PBXBuildFile; fileRef = 40B403ED2352CED4002A037A /* ViewController.swift */; };
		40B403F12352CED4002A037A /* Main.storyboard in Resources */ = {isa = PBXBuildFile; fileRef = 40B403EF2352CED4002A037A /* Main.storyboard */; };
		40B403F42352CED4002A037A /* Mathmagicians.xcdatamodeld in Sources */ = {isa = PBXBuildFile; fileRef = 40B403F22352CED4002A037A /* Mathmagicians.xcdatamodeld */; };
		40B403F62352CED4002A037A /* Assets.xcassets in Resources */ = {isa = PBXBuildFile; fileRef = 40B403F52352CED4002A037A /* Assets.xcassets */; };
		40B403F92352CED4002A037A /* LaunchScreen.storyboard in Resources */ = {isa = PBXBuildFile; fileRef = 40B403F72352CED4002A037A /* LaunchScreen.storyboard */; };
		40B404062352E042002A037A /* SignUpViewController.swift in Sources */ = {isa = PBXBuildFile; fileRef = 40B404052352E042002A037A /* SignUpViewController.swift */; };
		40B404082352E063002A037A /* LoginViewController.swift in Sources */ = {isa = PBXBuildFile; fileRef = 40B404072352E063002A037A /* LoginViewController.swift */; };
		40B4040A2352E0A0002A037A /* HomeViewController.swift in Sources */ = {isa = PBXBuildFile; fileRef = 40B404092352E0A0002A037A /* HomeViewController.swift */; };
		5B0F93F023660BDB0028D746 /* questions.json in Resources */ = {isa = PBXBuildFile; fileRef = 5B0F93EF23660BDB0028D746 /* questions.json */; };
		5B0F93F223660C6B0028D746 /* Question.swift in Sources */ = {isa = PBXBuildFile; fileRef = 5B0F93F123660C6B0028D746 /* Question.swift */; };
		5B0F93F423660DF70028D746 /* Answer.swift in Sources */ = {isa = PBXBuildFile; fileRef = 5B0F93F323660DF70028D746 /* Answer.swift */; };
		5B27C722236BA1F400136FF7 /* BackpackInventoryViewController.swift in Sources */ = {isa = PBXBuildFile; fileRef = 5B27C721236BA1F400136FF7 /* BackpackInventoryViewController.swift */; };
		5B8663FE236BBDE700EAC035 /* Beastie.swift in Sources */ = {isa = PBXBuildFile; fileRef = 5B8663FD236BBDE700EAC035 /* Beastie.swift */; };
		5B866400236BC13300EAC035 /* beasties.json in Resources */ = {isa = PBXBuildFile; fileRef = 5B8663FF236BC13300EAC035 /* beasties.json */; };
		5BC7B244236F4F7D00E01686 /* InstructionsPagesController.swift in Sources */ = {isa = PBXBuildFile; fileRef = 5BC7B243236F4F7D00E01686 /* InstructionsPagesController.swift */; };
		5BC7B248236F8DBA00E01686 /* ARKit.framework in Frameworks */ = {isa = PBXBuildFile; fileRef = 5BC7B247236F8DBA00E01686 /* ARKit.framework */; };
		B0915B737845DD1B4052401F /* Pods_Mathmagicians.framework in Frameworks */ = {isa = PBXBuildFile; fileRef = A469B6A8450C6BFDA8B44E55 /* Pods_Mathmagicians.framework */; };
/* End PBXBuildFile section */

/* Begin PBXFileReference section */
		40161F0223651F390004B7C1 /* MapKit.framework */ = {isa = PBXFileReference; lastKnownFileType = wrapper.framework; name = MapKit.framework; path = System/Library/Frameworks/MapKit.framework; sourceTree = SDKROOT; };
		40161F04236521960004B7C1 /* GameInstructionsController.swift */ = {isa = PBXFileReference; lastKnownFileType = sourcecode.swift; path = GameInstructionsController.swift; sourceTree = "<group>"; };
		40161F06236521AB0004B7C1 /* MapExploreController.swift */ = {isa = PBXFileReference; lastKnownFileType = sourcecode.swift; path = MapExploreController.swift; sourceTree = "<group>"; };
		408B60E9236E469C007A6D4B /* art.scnassets */ = {isa = PBXFileReference; lastKnownFileType = wrapper.scnassets; path = art.scnassets; sourceTree = "<group>"; };
		408B60EB236F7CE3007A6D4B /* EncounterController.swift */ = {isa = PBXFileReference; lastKnownFileType = sourcecode.swift; path = EncounterController.swift; sourceTree = "<group>"; };
		408B60EF236F91DE007A6D4B /* GoogleService-Info.plist */ = {isa = PBXFileReference; fileEncoding = 4; lastKnownFileType = text.plist.xml; path = "GoogleService-Info.plist"; sourceTree = "<group>"; };
		40B403E82352CED4002A037A /* Mathmagicians.app */ = {isa = PBXFileReference; explicitFileType = wrapper.application; includeInIndex = 0; path = Mathmagicians.app; sourceTree = BUILT_PRODUCTS_DIR; };
		40B403EB2352CED4002A037A /* AppDelegate.swift */ = {isa = PBXFileReference; lastKnownFileType = sourcecode.swift; path = AppDelegate.swift; sourceTree = "<group>"; };
		40B403ED2352CED4002A037A /* ViewController.swift */ = {isa = PBXFileReference; lastKnownFileType = sourcecode.swift; path = ViewController.swift; sourceTree = "<group>"; };
		40B403F02352CED4002A037A /* Base */ = {isa = PBXFileReference; lastKnownFileType = file.storyboard; name = Base; path = Base.lproj/Main.storyboard; sourceTree = "<group>"; };
		40B403F32352CED4002A037A /* Mathmagicians.xcdatamodel */ = {isa = PBXFileReference; lastKnownFileType = wrapper.xcdatamodel; path = Mathmagicians.xcdatamodel; sourceTree = "<group>"; };
		40B403F52352CED4002A037A /* Assets.xcassets */ = {isa = PBXFileReference; lastKnownFileType = folder.assetcatalog; path = Assets.xcassets; sourceTree = "<group>"; };
		40B403F82352CED4002A037A /* Base */ = {isa = PBXFileReference; lastKnownFileType = file.storyboard; name = Base; path = Base.lproj/LaunchScreen.storyboard; sourceTree = "<group>"; };
		40B403FA2352CED4002A037A /* Info.plist */ = {isa = PBXFileReference; lastKnownFileType = text.plist.xml; path = Info.plist; sourceTree = "<group>"; };
		40B404052352E042002A037A /* SignUpViewController.swift */ = {isa = PBXFileReference; lastKnownFileType = sourcecode.swift; path = SignUpViewController.swift; sourceTree = "<group>"; };
		40B404072352E063002A037A /* LoginViewController.swift */ = {isa = PBXFileReference; lastKnownFileType = sourcecode.swift; path = LoginViewController.swift; sourceTree = "<group>"; };
		40B404092352E0A0002A037A /* HomeViewController.swift */ = {isa = PBXFileReference; lastKnownFileType = sourcecode.swift; path = HomeViewController.swift; sourceTree = "<group>"; };
		5B0F93EF23660BDB0028D746 /* questions.json */ = {isa = PBXFileReference; fileEncoding = 4; lastKnownFileType = text.json; path = questions.json; sourceTree = "<group>"; };
		5B0F93F123660C6B0028D746 /* Question.swift */ = {isa = PBXFileReference; lastKnownFileType = sourcecode.swift; path = Question.swift; sourceTree = "<group>"; };
		5B0F93F323660DF70028D746 /* Answer.swift */ = {isa = PBXFileReference; lastKnownFileType = sourcecode.swift; path = Answer.swift; sourceTree = "<group>"; };
		5B27C721236BA1F400136FF7 /* BackpackInventoryViewController.swift */ = {isa = PBXFileReference; lastKnownFileType = sourcecode.swift; path = BackpackInventoryViewController.swift; sourceTree = "<group>"; };
		5B8663FD236BBDE700EAC035 /* Beastie.swift */ = {isa = PBXFileReference; lastKnownFileType = sourcecode.swift; path = Beastie.swift; sourceTree = "<group>"; };
		5B8663FF236BC13300EAC035 /* beasties.json */ = {isa = PBXFileReference; fileEncoding = 4; lastKnownFileType = text.json; path = beasties.json; sourceTree = "<group>"; };
		5BC7B243236F4F7D00E01686 /* InstructionsPagesController.swift */ = {isa = PBXFileReference; lastKnownFileType = sourcecode.swift; path = InstructionsPagesController.swift; sourceTree = "<group>"; };
		5BC7B247236F8DBA00E01686 /* ARKit.framework */ = {isa = PBXFileReference; lastKnownFileType = wrapper.framework; name = ARKit.framework; path = System/Library/Frameworks/ARKit.framework; sourceTree = SDKROOT; };
		62A2A81153C254CFE4204F99 /* Pods-Mathmagicians.debug.xcconfig */ = {isa = PBXFileReference; includeInIndex = 1; lastKnownFileType = text.xcconfig; name = "Pods-Mathmagicians.debug.xcconfig"; path = "Target Support Files/Pods-Mathmagicians/Pods-Mathmagicians.debug.xcconfig"; sourceTree = "<group>"; };
		A469B6A8450C6BFDA8B44E55 /* Pods_Mathmagicians.framework */ = {isa = PBXFileReference; explicitFileType = wrapper.framework; includeInIndex = 0; path = Pods_Mathmagicians.framework; sourceTree = BUILT_PRODUCTS_DIR; };
		C409C38E5F0D9AE3881F162E /* Pods-Mathmagicians.release.xcconfig */ = {isa = PBXFileReference; includeInIndex = 1; lastKnownFileType = text.xcconfig; name = "Pods-Mathmagicians.release.xcconfig"; path = "Target Support Files/Pods-Mathmagicians/Pods-Mathmagicians.release.xcconfig"; sourceTree = "<group>"; };
/* End PBXFileReference section */

/* Begin PBXFrameworksBuildPhase section */
		40B403E52352CED4002A037A /* Frameworks */ = {
			isa = PBXFrameworksBuildPhase;
			buildActionMask = 2147483647;
			files = (
				5BC7B248236F8DBA00E01686 /* ARKit.framework in Frameworks */,
				40161F0323651F390004B7C1 /* MapKit.framework in Frameworks */,
				B0915B737845DD1B4052401F /* Pods_Mathmagicians.framework in Frameworks */,
			);
			runOnlyForDeploymentPostprocessing = 0;
		};
/* End PBXFrameworksBuildPhase section */

/* Begin PBXGroup section */
		189B31391F9EE25A7B32E1A9 /* Frameworks */ = {
			isa = PBXGroup;
			children = (
				5BC7B247236F8DBA00E01686 /* ARKit.framework */,
				40161F0223651F390004B7C1 /* MapKit.framework */,
				A469B6A8450C6BFDA8B44E55 /* Pods_Mathmagicians.framework */,
			);
			name = Frameworks;
			sourceTree = "<group>";
		};
		40B403DF2352CED4002A037A = {
			isa = PBXGroup;
			children = (
				40B403EA2352CED4002A037A /* Mathmagicians */,
				40B403E92352CED4002A037A /* Products */,
				B4DD9F55D9F406A4936ABB8D /* Pods */,
				189B31391F9EE25A7B32E1A9 /* Frameworks */,
			);
			sourceTree = "<group>";
		};
		40B403E92352CED4002A037A /* Products */ = {
			isa = PBXGroup;
			children = (
				40B403E82352CED4002A037A /* Mathmagicians.app */,
			);
			name = Products;
			sourceTree = "<group>";
		};
		40B403EA2352CED4002A037A /* Mathmagicians */ = {
			isa = PBXGroup;
			children = (
				5B0F93BC2364F9DA0028D746 /* Model */,
				40B4040D2352E132002A037A /* View Controllers */,
				40B404002352D14A002A037A /* View */,
				40B403F52352CED4002A037A /* Assets.xcassets */,
				408B60E9236E469C007A6D4B /* art.scnassets */,
				40B403EB2352CED4002A037A /* AppDelegate.swift */,
				40B2EC482380D2A7008BD740 /* GoogleService-Info.plist */,
				40B403F72352CED4002A037A /* LaunchScreen.storyboard */,
				40B403FA2352CED4002A037A /* Info.plist */,
			);
			path = Mathmagicians;
			sourceTree = "<group>";
		};
		40B404002352D14A002A037A /* View */ = {
			isa = PBXGroup;
			children = (
				40B403EF2352CED4002A037A /* Main.storyboard */,
			);
			path = View;
			sourceTree = "<group>";
		};
		40B4040D2352E132002A037A /* View Controllers */ = {
			isa = PBXGroup;
			children = (
				40B404092352E0A0002A037A /* HomeViewController.swift */,
				40B404072352E063002A037A /* LoginViewController.swift */,
				40B404052352E042002A037A /* SignUpViewController.swift */,
				40B403ED2352CED4002A037A /* ViewController.swift */,
				40161F04236521960004B7C1 /* GameInstructionsController.swift */,
				40161F06236521AB0004B7C1 /* MapExploreController.swift */,
				5B27C721236BA1F400136FF7 /* BackpackInventoryViewController.swift */,
				5BC7B243236F4F7D00E01686 /* InstructionsPagesController.swift */,
				408B60EB236F7CE3007A6D4B /* EncounterController.swift */,
			);
			path = "View Controllers";
			sourceTree = "<group>";
		};
		5B0F93BC2364F9DA0028D746 /* Model */ = {
			isa = PBXGroup;
			children = (
				5B0F93EF23660BDB0028D746 /* questions.json */,
				5B8663FF236BC13300EAC035 /* beasties.json */,
				40B403F22352CED4002A037A /* Mathmagicians.xcdatamodeld */,
				5B0F93F123660C6B0028D746 /* Question.swift */,
				5B0F93F323660DF70028D746 /* Answer.swift */,
				5B8663FD236BBDE700EAC035 /* Beastie.swift */,
			);
			path = Model;
			sourceTree = "<group>";
		};
		B4DD9F55D9F406A4936ABB8D /* Pods */ = {
			isa = PBXGroup;
			children = (
				62A2A81153C254CFE4204F99 /* Pods-Mathmagicians.debug.xcconfig */,
				C409C38E5F0D9AE3881F162E /* Pods-Mathmagicians.release.xcconfig */,
			);
			path = Pods;
			sourceTree = "<group>";
		};
/* End PBXGroup section */

/* Begin PBXNativeTarget section */
		40B403E72352CED4002A037A /* Mathmagicians */ = {
			isa = PBXNativeTarget;
			buildConfigurationList = 40B403FD2352CED4002A037A /* Build configuration list for PBXNativeTarget "Mathmagicians" */;
			buildPhases = (
				B0B45D07C01D0467ED134492 /* [CP] Check Pods Manifest.lock */,
				40B403E42352CED4002A037A /* Sources */,
				40B403E52352CED4002A037A /* Frameworks */,
				40B403E62352CED4002A037A /* Resources */,
				A02DE077F494CBD6F07F22E2 /* [CP] Embed Pods Frameworks */,
			);
			buildRules = (
			);
			dependencies = (
			);
			name = Mathmagicians;
			productName = Mathmagicians;
			productReference = 40B403E82352CED4002A037A /* Mathmagicians.app */;
			productType = "com.apple.product-type.application";
		};
/* End PBXNativeTarget section */

/* Begin PBXProject section */
		40B403E02352CED4002A037A /* Project object */ = {
			isa = PBXProject;
			attributes = {
				LastSwiftUpdateCheck = 1010;
				LastUpgradeCheck = 1010;
				ORGANIZATIONNAME = "Jesse Chan";
				TargetAttributes = {
					40B403E72352CED4002A037A = {
						CreatedOnToolsVersion = 10.1;
						LastSwiftMigration = 1030;
					};
				};
			};
			buildConfigurationList = 40B403E32352CED4002A037A /* Build configuration list for PBXProject "Mathmagicians" */;
			compatibilityVersion = "Xcode 9.3";
			developmentRegion = en;
			hasScannedForEncodings = 0;
			knownRegions = (
				en,
				Base,
			);
			mainGroup = 40B403DF2352CED4002A037A;
			productRefGroup = 40B403E92352CED4002A037A /* Products */;
			projectDirPath = "";
			projectRoot = "";
			targets = (
				40B403E72352CED4002A037A /* Mathmagicians */,
			);
		};
/* End PBXProject section */

/* Begin PBXResourcesBuildPhase section */
		40B403E62352CED4002A037A /* Resources */ = {
			isa = PBXResourcesBuildPhase;
			buildActionMask = 2147483647;
			files = (
				40B403F92352CED4002A037A /* LaunchScreen.storyboard in Resources */,
				40B403F62352CED4002A037A /* Assets.xcassets in Resources */,
				5B866400236BC13300EAC035 /* beasties.json in Resources */,
				408B60EA236E469C007A6D4B /* art.scnassets in Resources */,
				5B0F93F023660BDB0028D746 /* questions.json in Resources */,
				40B403F12352CED4002A037A /* Main.storyboard in Resources */,
				40B2EC492380D2A7008BD740 /* GoogleService-Info.plist in Resources */,
			);
			runOnlyForDeploymentPostprocessing = 0;
		};
/* End PBXResourcesBuildPhase section */

/* Begin PBXShellScriptBuildPhase section */
		A02DE077F494CBD6F07F22E2 /* [CP] Embed Pods Frameworks */ = {
			isa = PBXShellScriptBuildPhase;
			buildActionMask = 2147483647;
			files = (
			);
			inputFileListPaths = (
				"${PODS_ROOT}/Target Support Files/Pods-Mathmagicians/Pods-Mathmagicians-frameworks-${CONFIGURATION}-input-files.xcfilelist",
			);
			name = "[CP] Embed Pods Frameworks";
			outputFileListPaths = (
				"${PODS_ROOT}/Target Support Files/Pods-Mathmagicians/Pods-Mathmagicians-frameworks-${CONFIGURATION}-output-files.xcfilelist",
			);
			runOnlyForDeploymentPostprocessing = 0;
			shellPath = /bin/sh;
			shellScript = "\"${PODS_ROOT}/Target Support Files/Pods-Mathmagicians/Pods-Mathmagicians-frameworks.sh\"\n";
			showEnvVarsInLog = 0;
		};
		B0B45D07C01D0467ED134492 /* [CP] Check Pods Manifest.lock */ = {
			isa = PBXShellScriptBuildPhase;
			buildActionMask = 2147483647;
			files = (
			);
			inputFileListPaths = (
			);
			inputPaths = (
				"${PODS_PODFILE_DIR_PATH}/Podfile.lock",
				"${PODS_ROOT}/Manifest.lock",
			);
			name = "[CP] Check Pods Manifest.lock";
			outputFileListPaths = (
			);
			outputPaths = (
				"$(DERIVED_FILE_DIR)/Pods-Mathmagicians-checkManifestLockResult.txt",
			);
			runOnlyForDeploymentPostprocessing = 0;
			shellPath = /bin/sh;
			shellScript = "diff \"${PODS_PODFILE_DIR_PATH}/Podfile.lock\" \"${PODS_ROOT}/Manifest.lock\" > /dev/null\nif [ $? != 0 ] ; then\n    # print error to STDERR\n    echo \"error: The sandbox is not in sync with the Podfile.lock. Run 'pod install' or update your CocoaPods installation.\" >&2\n    exit 1\nfi\n# This output is used by Xcode 'outputs' to avoid re-running this script phase.\necho \"SUCCESS\" > \"${SCRIPT_OUTPUT_FILE_0}\"\n";
			showEnvVarsInLog = 0;
		};
/* End PBXShellScriptBuildPhase section */

/* Begin PBXSourcesBuildPhase section */
		40B403E42352CED4002A037A /* Sources */ = {
			isa = PBXSourcesBuildPhase;
			buildActionMask = 2147483647;
			files = (
				40B403F42352CED4002A037A /* Mathmagicians.xcdatamodeld in Sources */,
				40B403EE2352CED4002A037A /* ViewController.swift in Sources */,
				5BC7B244236F4F7D00E01686 /* InstructionsPagesController.swift in Sources */,
				40B404062352E042002A037A /* SignUpViewController.swift in Sources */,
				40B404082352E063002A037A /* LoginViewController.swift in Sources */,
				40B403EC2352CED4002A037A /* AppDelegate.swift in Sources */,
				5B8663FE236BBDE700EAC035 /* Beastie.swift in Sources */,
				408B60EC236F7CE3007A6D4B /* EncounterController.swift in Sources */,
				5B0F93F223660C6B0028D746 /* Question.swift in Sources */,
				40B4040A2352E0A0002A037A /* HomeViewController.swift in Sources */,
				5B27C722236BA1F400136FF7 /* BackpackInventoryViewController.swift in Sources */,
				40161F07236521AB0004B7C1 /* MapExploreController.swift in Sources */,
				40161F05236521960004B7C1 /* GameInstructionsController.swift in Sources */,
				5B0F93F423660DF70028D746 /* Answer.swift in Sources */,
			);
			runOnlyForDeploymentPostprocessing = 0;
		};
/* End PBXSourcesBuildPhase section */

/* Begin PBXVariantGroup section */
		40B403EF2352CED4002A037A /* Main.storyboard */ = {
			isa = PBXVariantGroup;
			children = (
				40B403F02352CED4002A037A /* Base */,
			);
			name = Main.storyboard;
			sourceTree = "<group>";
		};
		40B403F72352CED4002A037A /* LaunchScreen.storyboard */ = {
			isa = PBXVariantGroup;
			children = (
				40B403F82352CED4002A037A /* Base */,
			);
			name = LaunchScreen.storyboard;
			sourceTree = "<group>";
		};
/* End PBXVariantGroup section */

/* Begin XCBuildConfiguration section */
		40B403FB2352CED4002A037A /* Debug */ = {
			isa = XCBuildConfiguration;
			buildSettings = {
				ALWAYS_SEARCH_USER_PATHS = NO;
				CLANG_ANALYZER_NONNULL = YES;
				CLANG_ANALYZER_NUMBER_OBJECT_CONVERSION = YES_AGGRESSIVE;
				CLANG_CXX_LANGUAGE_STANDARD = "gnu++14";
				CLANG_CXX_LIBRARY = "libc++";
				CLANG_ENABLE_MODULES = YES;
				CLANG_ENABLE_OBJC_ARC = YES;
				CLANG_ENABLE_OBJC_WEAK = YES;
				CLANG_WARN_BLOCK_CAPTURE_AUTORELEASING = YES;
				CLANG_WARN_BOOL_CONVERSION = YES;
				CLANG_WARN_COMMA = YES;
				CLANG_WARN_CONSTANT_CONVERSION = YES;
				CLANG_WARN_DEPRECATED_OBJC_IMPLEMENTATIONS = YES;
				CLANG_WARN_DIRECT_OBJC_ISA_USAGE = YES_ERROR;
				CLANG_WARN_DOCUMENTATION_COMMENTS = YES;
				CLANG_WARN_EMPTY_BODY = YES;
				CLANG_WARN_ENUM_CONVERSION = YES;
				CLANG_WARN_INFINITE_RECURSION = YES;
				CLANG_WARN_INT_CONVERSION = YES;
				CLANG_WARN_NON_LITERAL_NULL_CONVERSION = YES;
				CLANG_WARN_OBJC_IMPLICIT_RETAIN_SELF = YES;
				CLANG_WARN_OBJC_LITERAL_CONVERSION = YES;
				CLANG_WARN_OBJC_ROOT_CLASS = YES_ERROR;
				CLANG_WARN_RANGE_LOOP_ANALYSIS = YES;
				CLANG_WARN_STRICT_PROTOTYPES = YES;
				CLANG_WARN_SUSPICIOUS_MOVE = YES;
				CLANG_WARN_UNGUARDED_AVAILABILITY = YES_AGGRESSIVE;
				CLANG_WARN_UNREACHABLE_CODE = YES;
				CLANG_WARN__DUPLICATE_METHOD_MATCH = YES;
				CODE_SIGN_IDENTITY = "iPhone Developer";
				COPY_PHASE_STRIP = NO;
				DEBUG_INFORMATION_FORMAT = dwarf;
				ENABLE_STRICT_OBJC_MSGSEND = YES;
				ENABLE_TESTABILITY = YES;
				GCC_C_LANGUAGE_STANDARD = gnu11;
				GCC_DYNAMIC_NO_PIC = NO;
				GCC_NO_COMMON_BLOCKS = YES;
				GCC_OPTIMIZATION_LEVEL = 0;
				GCC_PREPROCESSOR_DEFINITIONS = (
					"DEBUG=1",
					"$(inherited)",
				);
				GCC_WARN_64_TO_32_BIT_CONVERSION = YES;
				GCC_WARN_ABOUT_RETURN_TYPE = YES_ERROR;
				GCC_WARN_UNDECLARED_SELECTOR = YES;
				GCC_WARN_UNINITIALIZED_AUTOS = YES_AGGRESSIVE;
				GCC_WARN_UNUSED_FUNCTION = YES;
				GCC_WARN_UNUSED_VARIABLE = YES;
				IPHONEOS_DEPLOYMENT_TARGET = 12.1;
				MTL_ENABLE_DEBUG_INFO = INCLUDE_SOURCE;
				MTL_FAST_MATH = YES;
				ONLY_ACTIVE_ARCH = YES;
				SDKROOT = iphoneos;
				SWIFT_ACTIVE_COMPILATION_CONDITIONS = DEBUG;
				SWIFT_OPTIMIZATION_LEVEL = "-Onone";
			};
			name = Debug;
		};
		40B403FC2352CED4002A037A /* Release */ = {
			isa = XCBuildConfiguration;
			buildSettings = {
				ALWAYS_SEARCH_USER_PATHS = NO;
				CLANG_ANALYZER_NONNULL = YES;
				CLANG_ANALYZER_NUMBER_OBJECT_CONVERSION = YES_AGGRESSIVE;
				CLANG_CXX_LANGUAGE_STANDARD = "gnu++14";
				CLANG_CXX_LIBRARY = "libc++";
				CLANG_ENABLE_MODULES = YES;
				CLANG_ENABLE_OBJC_ARC = YES;
				CLANG_ENABLE_OBJC_WEAK = YES;
				CLANG_WARN_BLOCK_CAPTURE_AUTORELEASING = YES;
				CLANG_WARN_BOOL_CONVERSION = YES;
				CLANG_WARN_COMMA = YES;
				CLANG_WARN_CONSTANT_CONVERSION = YES;
				CLANG_WARN_DEPRECATED_OBJC_IMPLEMENTATIONS = YES;
				CLANG_WARN_DIRECT_OBJC_ISA_USAGE = YES_ERROR;
				CLANG_WARN_DOCUMENTATION_COMMENTS = YES;
				CLANG_WARN_EMPTY_BODY = YES;
				CLANG_WARN_ENUM_CONVERSION = YES;
				CLANG_WARN_INFINITE_RECURSION = YES;
				CLANG_WARN_INT_CONVERSION = YES;
				CLANG_WARN_NON_LITERAL_NULL_CONVERSION = YES;
				CLANG_WARN_OBJC_IMPLICIT_RETAIN_SELF = YES;
				CLANG_WARN_OBJC_LITERAL_CONVERSION = YES;
				CLANG_WARN_OBJC_ROOT_CLASS = YES_ERROR;
				CLANG_WARN_RANGE_LOOP_ANALYSIS = YES;
				CLANG_WARN_STRICT_PROTOTYPES = YES;
				CLANG_WARN_SUSPICIOUS_MOVE = YES;
				CLANG_WARN_UNGUARDED_AVAILABILITY = YES_AGGRESSIVE;
				CLANG_WARN_UNREACHABLE_CODE = YES;
				CLANG_WARN__DUPLICATE_METHOD_MATCH = YES;
				CODE_SIGN_IDENTITY = "iPhone Developer";
				COPY_PHASE_STRIP = NO;
				DEBUG_INFORMATION_FORMAT = "dwarf-with-dsym";
				ENABLE_NS_ASSERTIONS = NO;
				ENABLE_STRICT_OBJC_MSGSEND = YES;
				GCC_C_LANGUAGE_STANDARD = gnu11;
				GCC_NO_COMMON_BLOCKS = YES;
				GCC_WARN_64_TO_32_BIT_CONVERSION = YES;
				GCC_WARN_ABOUT_RETURN_TYPE = YES_ERROR;
				GCC_WARN_UNDECLARED_SELECTOR = YES;
				GCC_WARN_UNINITIALIZED_AUTOS = YES_AGGRESSIVE;
				GCC_WARN_UNUSED_FUNCTION = YES;
				GCC_WARN_UNUSED_VARIABLE = YES;
				IPHONEOS_DEPLOYMENT_TARGET = 12.1;
				MTL_ENABLE_DEBUG_INFO = NO;
				MTL_FAST_MATH = YES;
				SDKROOT = iphoneos;
				SWIFT_COMPILATION_MODE = wholemodule;
				SWIFT_OPTIMIZATION_LEVEL = "-O";
				VALIDATE_PRODUCT = YES;
			};
			name = Release;
		};
		40B403FE2352CED4002A037A /* Debug */ = {
			isa = XCBuildConfiguration;
			baseConfigurationReference = 62A2A81153C254CFE4204F99 /* Pods-Mathmagicians.debug.xcconfig */;
			buildSettings = {
				ASSETCATALOG_COMPILER_APPICON_NAME = AppIcon;
				CODE_SIGN_STYLE = Automatic;
				DEVELOPMENT_TEAM = QCRYT63WF7;
				INFOPLIST_FILE = Mathmagicians/Info.plist;
				LD_RUNPATH_SEARCH_PATHS = (
					"$(inherited)",
					"@executable_path/Frameworks",
				);
				PRODUCT_BUNDLE_IDENTIFIER = com.Capstone.Mathmagicians;
				PRODUCT_NAME = "$(TARGET_NAME)";
				SWIFT_VERSION = 5.0;
				TARGETED_DEVICE_FAMILY = "1,2";
			};
			name = Debug;
		};
		40B403FF2352CED4002A037A /* Release */ = {
			isa = XCBuildConfiguration;
			baseConfigurationReference = C409C38E5F0D9AE3881F162E /* Pods-Mathmagicians.release.xcconfig */;
			buildSettings = {
				ASSETCATALOG_COMPILER_APPICON_NAME = AppIcon;
				CODE_SIGN_STYLE = Automatic;
				DEVELOPMENT_TEAM = QCRYT63WF7;
				INFOPLIST_FILE = Mathmagicians/Info.plist;
				LD_RUNPATH_SEARCH_PATHS = (
					"$(inherited)",
					"@executable_path/Frameworks",
				);
				PRODUCT_BUNDLE_IDENTIFIER = com.Capstone.Mathmagicians;
				PRODUCT_NAME = "$(TARGET_NAME)";
				SWIFT_VERSION = 5.0;
				TARGETED_DEVICE_FAMILY = "1,2";
			};
			name = Release;
		};
/* End XCBuildConfiguration section */

/* Begin XCConfigurationList section */
		40B403E32352CED4002A037A /* Build configuration list for PBXProject "Mathmagicians" */ = {
			isa = XCConfigurationList;
			buildConfigurations = (
				40B403FB2352CED4002A037A /* Debug */,
				40B403FC2352CED4002A037A /* Release */,
			);
			defaultConfigurationIsVisible = 0;
			defaultConfigurationName = Release;
		};
		40B403FD2352CED4002A037A /* Build configuration list for PBXNativeTarget "Mathmagicians" */ = {
			isa = XCConfigurationList;
			buildConfigurations = (
				40B403FE2352CED4002A037A /* Debug */,
				40B403FF2352CED4002A037A /* Release */,
			);
			defaultConfigurationIsVisible = 0;
			defaultConfigurationName = Release;
		};
/* End XCConfigurationList section */

/* Begin XCVersionGroup section */
		40B403F22352CED4002A037A /* Mathmagicians.xcdatamodeld */ = {
			isa = XCVersionGroup;
			children = (
				40B403F32352CED4002A037A /* Mathmagicians.xcdatamodel */,
			);
			currentVersion = 40B403F32352CED4002A037A /* Mathmagicians.xcdatamodel */;
			path = Mathmagicians.xcdatamodeld;
			sourceTree = "<group>";
			versionGroupType = wrapper.xcdatamodel;
		};
/* End XCVersionGroup section */
	};
	rootObject = 40B403E02352CED4002A037A /* Project object */;
}
